
Microsoft Visual Studio Solution File, Format Version 12.00
# Visual Studio Version 17
VisualStudioVersion = 17.5.002.0
MinimumVisualStudioVersion = 10.0.40219.1
Project("{9A19103F-16F7-4668-BE54-9A1E7A4F7556}") = "HeapSort", "HeapSort.csproj", "{0C527AD4-4278-49E7-A745-A8667E5830BA}"
EndProject
Global
	GlobalSection(SolutionConfigurationPlatforms) = preSolution
		Debug|Any CPU = Debug|Any CPU
		Release|Any CPU = Release|Any CPU
	EndGlobalSection
	GlobalSection(ProjectConfigurationPlatforms) = postSolution
		{0C527AD4-4278-49E7-A745-A8667E5830BA}.Debug|Any CPU.ActiveCfg = Debug|Any CPU
		{0C527AD4-4278-49E7-A745-A8667E5830BA}.Debug|Any CPU.Build.0 = Debug|Any CPU
		{0C527AD4-4278-49E7-A745-A8667E5830BA}.Release|Any CPU.ActiveCfg = Release|Any CPU
		{0C527AD4-4278-49E7-A745-A8667E5830BA}.Release|Any CPU.Build.0 = Release|Any CPU
	EndGlobalSection
	GlobalSection(SolutionProperties) = preSolution
		HideSolutionNode = FALSE
	EndGlobalSection
	GlobalSection(ExtensibilityGlobals) = postSolution
		SolutionGuid = {DDC3D1BF-2F53-439F-B0A9-758CB8241712}
	EndGlobalSection
EndGlobal
