
Microsoft Visual Studio Solution File, Format Version 12.00
# Visual Studio Version 17
VisualStudioVersion = 17.5.002.0
MinimumVisualStudioVersion = 10.0.40219.1
Project("{9A19103F-16F7-4668-BE54-9A1E7A4F7556}") = "ListaSimples", "ListaSimples.csproj", "{8D24D814-1D56-47D7-A96E-7695A53A0674}"
EndProject
Global
	GlobalSection(SolutionConfigurationPlatforms) = preSolution
		Debug|Any CPU = Debug|Any CPU
		Release|Any CPU = Release|Any CPU
	EndGlobalSection
	GlobalSection(ProjectConfigurationPlatforms) = postSolution
		{8D24D814-1D56-47D7-A96E-7695A53A0674}.Debug|Any CPU.ActiveCfg = Debug|Any CPU
		{8D24D814-1D56-47D7-A96E-7695A53A0674}.Debug|Any CPU.Build.0 = Debug|Any CPU
		{8D24D814-1D56-47D7-A96E-7695A53A0674}.Release|Any CPU.ActiveCfg = Release|Any CPU
		{8D24D814-1D56-47D7-A96E-7695A53A0674}.Release|Any CPU.Build.0 = Release|Any CPU
	EndGlobalSection
	GlobalSection(SolutionProperties) = preSolution
		HideSolutionNode = FALSE
	EndGlobalSection
	GlobalSection(ExtensibilityGlobals) = postSolution
		SolutionGuid = {07F5CA99-5E52-4B03-9F76-5C35BC6C64D0}
	EndGlobalSection
EndGlobal
