
Microsoft Visual Studio Solution File, Format Version 12.00
# Visual Studio Version 17
VisualStudioVersion = 17.5.002.0
MinimumVisualStudioVersion = 10.0.40219.1
Project("{9A19103F-16F7-4668-BE54-9A1E7A4F7556}") = "Filas", "Filas.csproj", "{320295F1-99BC-42D1-A4DA-623B6CC2FC19}"
EndProject
Global
	GlobalSection(SolutionConfigurationPlatforms) = preSolution
		Debug|Any CPU = Debug|Any CPU
		Release|Any CPU = Release|Any CPU
	EndGlobalSection
	GlobalSection(ProjectConfigurationPlatforms) = postSolution
		{320295F1-99BC-42D1-A4DA-623B6CC2FC19}.Debug|Any CPU.ActiveCfg = Debug|Any CPU
		{320295F1-99BC-42D1-A4DA-623B6CC2FC19}.Debug|Any CPU.Build.0 = Debug|Any CPU
		{320295F1-99BC-42D1-A4DA-623B6CC2FC19}.Release|Any CPU.ActiveCfg = Release|Any CPU
		{320295F1-99BC-42D1-A4DA-623B6CC2FC19}.Release|Any CPU.Build.0 = Release|Any CPU
	EndGlobalSection
	GlobalSection(SolutionProperties) = preSolution
		HideSolutionNode = FALSE
	EndGlobalSection
	GlobalSection(ExtensibilityGlobals) = postSolution
		SolutionGuid = {6A349CBB-0F6D-4DAE-A951-EE1F7C9103D7}
	EndGlobalSection
EndGlobal
