
Microsoft Visual Studio Solution File, Format Version 12.00
# Visual Studio Version 17
VisualStudioVersion = 17.5.002.0
MinimumVisualStudioVersion = 10.0.40219.1
Project("{9A19103F-16F7-4668-BE54-9A1E7A4F7556}") = "BubbleSort", "BubbleSort\BubbleSort.csproj", "{1CF3FDB2-1E3F-49E0-87A8-95E430CD974F}"
EndProject
Global
	GlobalSection(SolutionConfigurationPlatforms) = preSolution
		Debug|Any CPU = Debug|Any CPU
		Release|Any CPU = Release|Any CPU
	EndGlobalSection
	GlobalSection(ProjectConfigurationPlatforms) = postSolution
		{1CF3FDB2-1E3F-49E0-87A8-95E430CD974F}.Debug|Any CPU.ActiveCfg = Debug|Any CPU
		{1CF3FDB2-1E3F-49E0-87A8-95E430CD974F}.Debug|Any CPU.Build.0 = Debug|Any CPU
		{1CF3FDB2-1E3F-49E0-87A8-95E430CD974F}.Release|Any CPU.ActiveCfg = Release|Any CPU
		{1CF3FDB2-1E3F-49E0-87A8-95E430CD974F}.Release|Any CPU.Build.0 = Release|Any CPU
	EndGlobalSection
	GlobalSection(SolutionProperties) = preSolution
		HideSolutionNode = FALSE
	EndGlobalSection
	GlobalSection(ExtensibilityGlobals) = postSolution
		SolutionGuid = {D131B4EA-308D-4BAF-A2E9-B16BD176F086}
	EndGlobalSection
EndGlobal
