
Microsoft Visual Studio Solution File, Format Version 12.00
# Visual Studio Version 17
VisualStudioVersion = 17.5.002.0
MinimumVisualStudioVersion = 10.0.40219.1
Project("{9A19103F-16F7-4668-BE54-9A1E7A4F7556}") = "Exercicio02", "Exercicio02.csproj", "{91A80EA2-A086-4D84-AD34-359D8E9DC973}"
EndProject
Global
	GlobalSection(SolutionConfigurationPlatforms) = preSolution
		Debug|Any CPU = Debug|Any CPU
		Release|Any CPU = Release|Any CPU
	EndGlobalSection
	GlobalSection(ProjectConfigurationPlatforms) = postSolution
		{91A80EA2-A086-4D84-AD34-359D8E9DC973}.Debug|Any CPU.ActiveCfg = Debug|Any CPU
		{91A80EA2-A086-4D84-AD34-359D8E9DC973}.Debug|Any CPU.Build.0 = Debug|Any CPU
		{91A80EA2-A086-4D84-AD34-359D8E9DC973}.Release|Any CPU.ActiveCfg = Release|Any CPU
		{91A80EA2-A086-4D84-AD34-359D8E9DC973}.Release|Any CPU.Build.0 = Release|Any CPU
	EndGlobalSection
	GlobalSection(SolutionProperties) = preSolution
		HideSolutionNode = FALSE
	EndGlobalSection
	GlobalSection(ExtensibilityGlobals) = postSolution
		SolutionGuid = {317F4D4F-B76E-440B-A0A9-827C15AC2D20}
	EndGlobalSection
EndGlobal
