
Microsoft Visual Studio Solution File, Format Version 12.00
# Visual Studio Version 17
VisualStudioVersion = 17.5.002.0
MinimumVisualStudioVersion = 10.0.40219.1
Project("{9A19103F-16F7-4668-BE54-9A1E7A4F7556}") = "MutidimensionalArray", "MutidimensionalArray.csproj", "{A47C5524-7EF2-4176-BED4-6F9D32FEC96D}"
EndProject
Global
	GlobalSection(SolutionConfigurationPlatforms) = preSolution
		Debug|Any CPU = Debug|Any CPU
		Release|Any CPU = Release|Any CPU
	EndGlobalSection
	GlobalSection(ProjectConfigurationPlatforms) = postSolution
		{A47C5524-7EF2-4176-BED4-6F9D32FEC96D}.Debug|Any CPU.ActiveCfg = Debug|Any CPU
		{A47C5524-7EF2-4176-BED4-6F9D32FEC96D}.Debug|Any CPU.Build.0 = Debug|Any CPU
		{A47C5524-7EF2-4176-BED4-6F9D32FEC96D}.Release|Any CPU.ActiveCfg = Release|Any CPU
		{A47C5524-7EF2-4176-BED4-6F9D32FEC96D}.Release|Any CPU.Build.0 = Release|Any CPU
	EndGlobalSection
	GlobalSection(SolutionProperties) = preSolution
		HideSolutionNode = FALSE
	EndGlobalSection
	GlobalSection(ExtensibilityGlobals) = postSolution
		SolutionGuid = {CFACEB84-D8D0-46BC-B882-D1A41C471DD2}
	EndGlobalSection
EndGlobal
