
Microsoft Visual Studio Solution File, Format Version 12.00
# Visual Studio Version 17
VisualStudioVersion = 17.5.002.0
MinimumVisualStudioVersion = 10.0.40219.1
Project("{9A19103F-16F7-4668-BE54-9A1E7A4F7556}") = "Pilhas", "Pilhas.csproj", "{66D34FA1-0848-4C90-96FF-1ADECA039530}"
EndProject
Global
	GlobalSection(SolutionConfigurationPlatforms) = preSolution
		Debug|Any CPU = Debug|Any CPU
		Release|Any CPU = Release|Any CPU
	EndGlobalSection
	GlobalSection(ProjectConfigurationPlatforms) = postSolution
		{66D34FA1-0848-4C90-96FF-1ADECA039530}.Debug|Any CPU.ActiveCfg = Debug|Any CPU
		{66D34FA1-0848-4C90-96FF-1ADECA039530}.Debug|Any CPU.Build.0 = Debug|Any CPU
		{66D34FA1-0848-4C90-96FF-1ADECA039530}.Release|Any CPU.ActiveCfg = Release|Any CPU
		{66D34FA1-0848-4C90-96FF-1ADECA039530}.Release|Any CPU.Build.0 = Release|Any CPU
	EndGlobalSection
	GlobalSection(SolutionProperties) = preSolution
		HideSolutionNode = FALSE
	EndGlobalSection
	GlobalSection(ExtensibilityGlobals) = postSolution
		SolutionGuid = {5982F75E-75CF-4D02-85C0-A5BC1B9F0E15}
	EndGlobalSection
EndGlobal
