
Microsoft Visual Studio Solution File, Format Version 12.00
# Visual Studio Version 17
VisualStudioVersion = 17.5.002.0
MinimumVisualStudioVersion = 10.0.40219.1
Project("{9A19103F-16F7-4668-BE54-9A1E7A4F7556}") = "Exercicio01", "Exercicio01.csproj", "{FBA2F3A2-6795-4812-B78B-EBA9CC2929B9}"
EndProject
Global
	GlobalSection(SolutionConfigurationPlatforms) = preSolution
		Debug|Any CPU = Debug|Any CPU
		Release|Any CPU = Release|Any CPU
	EndGlobalSection
	GlobalSection(ProjectConfigurationPlatforms) = postSolution
		{FBA2F3A2-6795-4812-B78B-EBA9CC2929B9}.Debug|Any CPU.ActiveCfg = Debug|Any CPU
		{FBA2F3A2-6795-4812-B78B-EBA9CC2929B9}.Debug|Any CPU.Build.0 = Debug|Any CPU
		{FBA2F3A2-6795-4812-B78B-EBA9CC2929B9}.Release|Any CPU.ActiveCfg = Release|Any CPU
		{FBA2F3A2-6795-4812-B78B-EBA9CC2929B9}.Release|Any CPU.Build.0 = Release|Any CPU
	EndGlobalSection
	GlobalSection(SolutionProperties) = preSolution
		HideSolutionNode = FALSE
	EndGlobalSection
	GlobalSection(ExtensibilityGlobals) = postSolution
		SolutionGuid = {2B8E911B-7D14-4128-8D69-1B2B966F5869}
	EndGlobalSection
EndGlobal
